// !$*UTF8*$!
{
	archiveVersion = 1;
	classes = {
	};
	objectVersion = 48;
	objects = {

/* Begin PBXBuildFile section */
		26F2C170B33EB480642DCE01 /* libPods-wanglzStytle.a in Frameworks */ = {isa = PBXBuildFile; fileRef = 2137C5FD2E6EAD01FA980E03 /* libPods-wanglzStytle.a */; };
		281DF2CB1FB43789001F5F86 /* bottomon-0@3x.png in Resources */ = {isa = PBXBuildFile; fileRef = 281DF2B71FB43789001F5F86 /* bottomon-0@3x.png */; };
		281DF2CC1FB43789001F5F86 /* bottom-4@2x.png in Resources */ = {isa = PBXBuildFile; fileRef = 281DF2B81FB43789001F5F86 /* bottom-4@2x.png */; };
		281DF2CD1FB43789001F5F86 /* bottomon-2@2x.png in Resources */ = {isa = PBXBuildFile; fileRef = 281DF2B91FB43789001F5F86 /* bottomon-2@2x.png */; };
		281DF2CE1FB43789001F5F86 /* bottomon-2@3x.png in Resources */ = {isa = PBXBuildFile; fileRef = 281DF2BA1FB43789001F5F86 /* bottomon-2@3x.png */; };
		281DF2CF1FB43789001F5F86 /* bottom-4@3x.png in Resources */ = {isa = PBXBuildFile; fileRef = 281DF2BB1FB43789001F5F86 /* bottom-4@3x.png */; };
		281DF2D01FB43789001F5F86 /* bottomon-0@2x.png in Resources */ = {isa = PBXBuildFile; fileRef = 281DF2BC1FB43789001F5F86 /* bottomon-0@2x.png */; };
		281DF2D11FB43789001F5F86 /* bottom-2@2x.png in Resources */ = {isa = PBXBuildFile; fileRef = 281DF2BD1FB43789001F5F86 /* bottom-2@2x.png */; };
		281DF2D21FB43789001F5F86 /* bottomon-4@2x.png in Resources */ = {isa = PBXBuildFile; fileRef = 281DF2BE1FB43789001F5F86 /* bottomon-4@2x.png */; };
		281DF2D31FB43789001F5F86 /* bottom-0@3x.png in Resources */ = {isa = PBXBuildFile; fileRef = 281DF2BF1FB43789001F5F86 /* bottom-0@3x.png */; };
		281DF2D41FB43789001F5F86 /* bottom-0@2x.png in Resources */ = {isa = PBXBuildFile; fileRef = 281DF2C01FB43789001F5F86 /* bottom-0@2x.png */; };
		281DF2D51FB43789001F5F86 /* bottomon-4@3x.png in Resources */ = {isa = PBXBuildFile; fileRef = 281DF2C11FB43789001F5F86 /* bottomon-4@3x.png */; };
		281DF2D61FB43789001F5F86 /* bottom-2@3x.png in Resources */ = {isa = PBXBuildFile; fileRef = 281DF2C21FB43789001F5F86 /* bottom-2@3x.png */; };
		281DF2D71FB43789001F5F86 /* bottomon-3@2x.png in Resources */ = {isa = PBXBuildFile; fileRef = 281DF2C31FB43789001F5F86 /* bottomon-3@2x.png */; };
		281DF2D81FB43789001F5F86 /* bottomon-1@3x.png in Resources */ = {isa = PBXBuildFile; fileRef = 281DF2C41FB43789001F5F86 /* bottomon-1@3x.png */; };
		281DF2D91FB43789001F5F86 /* bottomon-1@2x.png in Resources */ = {isa = PBXBuildFile; fileRef = 281DF2C51FB43789001F5F86 /* bottomon-1@2x.png */; };
		281DF2DA1FB43789001F5F86 /* bottomon-3@3x.png in Resources */ = {isa = PBXBuildFile; fileRef = 281DF2C61FB43789001F5F86 /* bottomon-3@3x.png */; };
		281DF2DB1FB43789001F5F86 /* bottom-1@3x.png in Resources */ = {isa = PBXBuildFile; fileRef = 281DF2C71FB43789001F5F86 /* bottom-1@3x.png */; };
		281DF2DC1FB43789001F5F86 /* bottom-3@2x.png in Resources */ = {isa = PBXBuildFile; fileRef = 281DF2C81FB43789001F5F86 /* bottom-3@2x.png */; };
		281DF2DD1FB43789001F5F86 /* bottom-3@3x.png in Resources */ = {isa = PBXBuildFile; fileRef = 281DF2C91FB43789001F5F86 /* bottom-3@3x.png */; };
		281DF2DE1FB43789001F5F86 /* bottom-1@2x.png in Resources */ = {isa = PBXBuildFile; fileRef = 281DF2CA1FB43789001F5F86 /* bottom-1@2x.png */; };
		281DF2E21FB437C0001F5F86 /* commTabBar.m in Sources */ = {isa = PBXBuildFile; fileRef = 281DF2E11FB437C0001F5F86 /* commTabBar.m */; };
		281DF2EF1FB437F3001F5F86 /* ThirdViewController.m in Sources */ = {isa = PBXBuildFile; fileRef = 281DF2E41FB437F2001F5F86 /* ThirdViewController.m */; };
		281DF2F01FB437F3001F5F86 /* MainViewController.xib in Resources */ = {isa = PBXBuildFile; fileRef = 281DF2E61FB437F2001F5F86 /* MainViewController.xib */; };
		281DF2F11FB437F3001F5F86 /* SecondViewController.m in Sources */ = {isa = PBXBuildFile; fileRef = 281DF2E91FB437F2001F5F86 /* SecondViewController.m */; };
		281DF2F21FB437F3001F5F86 /* ThirdViewController.xib in Resources */ = {isa = PBXBuildFile; fileRef = 281DF2EA1FB437F2001F5F86 /* ThirdViewController.xib */; };
		281DF2F31FB437F3001F5F86 /* MineViewController.xib in Resources */ = {isa = PBXBuildFile; fileRef = 281DF2EB1FB437F2001F5F86 /* MineViewController.xib */; };
		281DF2F41FB437F3001F5F86 /* MainViewController.m in Sources */ = {isa = PBXBuildFile; fileRef = 281DF2EC1FB437F2001F5F86 /* MainViewController.m */; };
		281DF2F51FB437F3001F5F86 /* SecondViewController.xib in Resources */ = {isa = PBXBuildFile; fileRef = 281DF2ED1FB437F2001F5F86 /* SecondViewController.xib */; };
		281DF2F61FB437F3001F5F86 /* MineViewController.m in Sources */ = {isa = PBXBuildFile; fileRef = 281DF2EE1FB437F3001F5F86 /* MineViewController.m */; };
		281DF2FE1FB43FD7001F5F86 /* back_white@3x.png in Resources */ = {isa = PBXBuildFile; fileRef = 281DF2FC1FB43FD7001F5F86 /* back_white@3x.png */; };
		281DF2FF1FB43FD7001F5F86 /* back_white@2x.png in Resources */ = {isa = PBXBuildFile; fileRef = 281DF2FD1FB43FD7001F5F86 /* back_white@2x.png */; };
		281DF3021FB44DCB001F5F86 /* MySelfConclusion in Resources */ = {isa = PBXBuildFile; fileRef = 281DF3011FB44DCA001F5F86 /* MySelfConclusion */; };
		28A0847E1FB589D500C41FA0 /* background.png in Resources */ = {isa = PBXBuildFile; fileRef = 28A0847D1FB589D500C41FA0 /* background.png */; };
		28A084891FB5910800C41FA0 /* ShowAdsViewController.m in Sources */ = {isa = PBXBuildFile; fileRef = 28A084871FB5910800C41FA0 /* ShowAdsViewController.m */; };
		28A0848A1FB5910800C41FA0 /* ShowAdsViewController.xib in Resources */ = {isa = PBXBuildFile; fileRef = 28A084881FB5910800C41FA0 /* ShowAdsViewController.xib */; };
		28A0848E1FB591A000C41FA0 /* GuideView.m in Sources */ = {isa = PBXBuildFile; fileRef = 28A0848D1FB591A000C41FA0 /* GuideView.m */; };
		28A084901FB591C300C41FA0 /* GuideView.xib in Resources */ = {isa = PBXBuildFile; fileRef = 28A0848F1FB591C300C41FA0 /* GuideView.xib */; };
		28A084961FB5970C00C41FA0 /* image1.jpg in Resources */ = {isa = PBXBuildFile; fileRef = 28A084911FB5970B00C41FA0 /* image1.jpg */; };
		28A084971FB5970C00C41FA0 /* image2.jpg in Resources */ = {isa = PBXBuildFile; fileRef = 28A084921FB5970B00C41FA0 /* image2.jpg */; };
		28A084981FB5970C00C41FA0 /* image4.jpg in Resources */ = {isa = PBXBuildFile; fileRef = 28A084931FB5970B00C41FA0 /* image4.jpg */; };
		28A084991FB5970C00C41FA0 /* image0.jpg in Resources */ = {isa = PBXBuildFile; fileRef = 28A084941FB5970B00C41FA0 /* image0.jpg */; };
		28A0849A1FB5970C00C41FA0 /* image3.jpg in Resources */ = {isa = PBXBuildFile; fileRef = 28A084951FB5970B00C41FA0 /* image3.jpg */; };
		A739AFDA1FB3EB2100E2C408 /* MacroStatic.m in Sources */ = {isa = PBXBuildFile; fileRef = A739AFD91FB3EB2100E2C408 /* MacroStatic.m */; };
		A739AFDD1FB3EB7C00E2C408 /* MacroFunction.m in Sources */ = {isa = PBXBuildFile; fileRef = A739AFDC1FB3EB7C00E2C408 /* MacroFunction.m */; };
		A739AFE51FB3F9FB00E2C408 /* UILabel+setTitleColor.m in Sources */ = {isa = PBXBuildFile; fileRef = A739AFE41FB3F9FB00E2C408 /* UILabel+setTitleColor.m */; };
		A739AFE81FB3FA5F00E2C408 /* UIView+CornerRadius.m in Sources */ = {isa = PBXBuildFile; fileRef = A739AFE71FB3FA5F00E2C408 /* UIView+CornerRadius.m */; };
		A739AFEB1FB4003500E2C408 /* UINavigationItem+SetOffset.m in Sources */ = {isa = PBXBuildFile; fileRef = A739AFEA1FB4003500E2C408 /* UINavigationItem+SetOffset.m */; };
		A739AFEE1FB4018C00E2C408 /* NSDate+Extension.m in Sources */ = {isa = PBXBuildFile; fileRef = A739AFED1FB4018C00E2C408 /* NSDate+Extension.m */; };
		A7B6EC311FB30DF3008BACC2 /* AppDelegate.m in Sources */ = {isa = PBXBuildFile; fileRef = A7B6EC301FB30DF3008BACC2 /* AppDelegate.m */; };
		A7B6EC391FB30DF3008BACC2 /* Assets.xcassets in Resources */ = {isa = PBXBuildFile; fileRef = A7B6EC381FB30DF3008BACC2 /* Assets.xcassets */; };
		A7B6EC3C1FB30DF3008BACC2 /* LaunchScreen.storyboard in Resources */ = {isa = PBXBuildFile; fileRef = A7B6EC3A1FB30DF3008BACC2 /* LaunchScreen.storyboard */; };
		A7B6EC3F1FB30DF3008BACC2 /* main.m in Sources */ = {isa = PBXBuildFile; fileRef = A7B6EC3E1FB30DF3008BACC2 /* main.m */; };
		A7F9C19C1FB4210000CEC3DD /* RootTabBarController.m in Sources */ = {isa = PBXBuildFile; fileRef = A7F9C19B1FB4210000CEC3DD /* RootTabBarController.m */; };
/* End PBXBuildFile section */

/* Begin PBXFileReference section */
		2137C5FD2E6EAD01FA980E03 /* libPods-wanglzStytle.a */ = {isa = PBXFileReference; explicitFileType = archive.ar; includeInIndex = 0; path = "libPods-wanglzStytle.a"; sourceTree = BUILT_PRODUCTS_DIR; };
		281DF2B71FB43789001F5F86 /* bottomon-0@3x.png */ = {isa = PBXFileReference; lastKnownFileType = image.png; path = "bottomon-0@3x.png"; sourceTree = "<group>"; };
		281DF2B81FB43789001F5F86 /* bottom-4@2x.png */ = {isa = PBXFileReference; lastKnownFileType = image.png; path = "bottom-4@2x.png"; sourceTree = "<group>"; };
		281DF2B91FB43789001F5F86 /* bottomon-2@2x.png */ = {isa = PBXFileReference; lastKnownFileType = image.png; path = "bottomon-2@2x.png"; sourceTree = "<group>"; };
		281DF2BA1FB43789001F5F86 /* bottomon-2@3x.png */ = {isa = PBXFileReference; lastKnownFileType = image.png; path = "bottomon-2@3x.png"; sourceTree = "<group>"; };
		281DF2BB1FB43789001F5F86 /* bottom-4@3x.png */ = {isa = PBXFileReference; lastKnownFileType = image.png; path = "bottom-4@3x.png"; sourceTree = "<group>"; };
		281DF2BC1FB43789001F5F86 /* bottomon-0@2x.png */ = {isa = PBXFileReference; lastKnownFileType = image.png; path = "bottomon-0@2x.png"; sourceTree = "<group>"; };
		281DF2BD1FB43789001F5F86 /* bottom-2@2x.png */ = {isa = PBXFileReference; lastKnownFileType = image.png; path = "bottom-2@2x.png"; sourceTree = "<group>"; };
		281DF2BE1FB43789001F5F86 /* bottomon-4@2x.png */ = {isa = PBXFileReference; lastKnownFileType = image.png; path = "bottomon-4@2x.png"; sourceTree = "<group>"; };
		281DF2BF1FB43789001F5F86 /* bottom-0@3x.png */ = {isa = PBXFileReference; lastKnownFileType = image.png; path = "bottom-0@3x.png"; sourceTree = "<group>"; };
		281DF2C01FB43789001F5F86 /* bottom-0@2x.png */ = {isa = PBXFileReference; lastKnownFileType = image.png; path = "bottom-0@2x.png"; sourceTree = "<group>"; };
		281DF2C11FB43789001F5F86 /* bottomon-4@3x.png */ = {isa = PBXFileReference; lastKnownFileType = image.png; path = "bottomon-4@3x.png"; sourceTree = "<group>"; };
		281DF2C21FB43789001F5F86 /* bottom-2@3x.png */ = {isa = PBXFileReference; lastKnownFileType = image.png; path = "bottom-2@3x.png"; sourceTree = "<group>"; };
		281DF2C31FB43789001F5F86 /* bottomon-3@2x.png */ = {isa = PBXFileReference; lastKnownFileType = image.png; path = "bottomon-3@2x.png"; sourceTree = "<group>"; };
		281DF2C41FB43789001F5F86 /* bottomon-1@3x.png */ = {isa = PBXFileReference; lastKnownFileType = image.png; path = "bottomon-1@3x.png"; sourceTree = "<group>"; };
		281DF2C51FB43789001F5F86 /* bottomon-1@2x.png */ = {isa = PBXFileReference; lastKnownFileType = image.png; path = "bottomon-1@2x.png"; sourceTree = "<group>"; };
		281DF2C61FB43789001F5F86 /* bottomon-3@3x.png */ = {isa = PBXFileReference; lastKnownFileType = image.png; path = "bottomon-3@3x.png"; sourceTree = "<group>"; };
		281DF2C71FB43789001F5F86 /* bottom-1@3x.png */ = {isa = PBXFileReference; lastKnownFileType = image.png; path = "bottom-1@3x.png"; sourceTree = "<group>"; };
		281DF2C81FB43789001F5F86 /* bottom-3@2x.png */ = {isa = PBXFileReference; lastKnownFileType = image.png; path = "bottom-3@2x.png"; sourceTree = "<group>"; };
		281DF2C91FB43789001F5F86 /* bottom-3@3x.png */ = {isa = PBXFileReference; lastKnownFileType = image.png; path = "bottom-3@3x.png"; sourceTree = "<group>"; };
		281DF2CA1FB43789001F5F86 /* bottom-1@2x.png */ = {isa = PBXFileReference; lastKnownFileType = image.png; path = "bottom-1@2x.png"; sourceTree = "<group>"; };
		281DF2E01FB437C0001F5F86 /* commTabBar.h */ = {isa = PBXFileReference; fileEncoding = 4; lastKnownFileType = sourcecode.c.h; path = commTabBar.h; sourceTree = "<group>"; };
		281DF2E11FB437C0001F5F86 /* commTabBar.m */ = {isa = PBXFileReference; fileEncoding = 4; lastKnownFileType = sourcecode.c.objc; path = commTabBar.m; sourceTree = "<group>"; };
		281DF2E31FB437F2001F5F86 /* ThirdViewController.h */ = {isa = PBXFileReference; fileEncoding = 4; lastKnownFileType = sourcecode.c.h; path = ThirdViewController.h; sourceTree = "<group>"; };
		281DF2E41FB437F2001F5F86 /* ThirdViewController.m */ = {isa = PBXFileReference; fileEncoding = 4; lastKnownFileType = sourcecode.c.objc; path = ThirdViewController.m; sourceTree = "<group>"; };
		281DF2E51FB437F2001F5F86 /* MainViewController.h */ = {isa = PBXFileReference; fileEncoding = 4; lastKnownFileType = sourcecode.c.h; path = MainViewController.h; sourceTree = "<group>"; };
		281DF2E61FB437F2001F5F86 /* MainViewController.xib */ = {isa = PBXFileReference; fileEncoding = 4; lastKnownFileType = file.xib; path = MainViewController.xib; sourceTree = "<group>"; };
		281DF2E71FB437F2001F5F86 /* MineViewController.h */ = {isa = PBXFileReference; fileEncoding = 4; lastKnownFileType = sourcecode.c.h; path = MineViewController.h; sourceTree = "<group>"; };
		281DF2E81FB437F2001F5F86 /* SecondViewController.h */ = {isa = PBXFileReference; fileEncoding = 4; lastKnownFileType = sourcecode.c.h; path = SecondViewController.h; sourceTree = "<group>"; };
		281DF2E91FB437F2001F5F86 /* SecondViewController.m */ = {isa = PBXFileReference; fileEncoding = 4; lastKnownFileType = sourcecode.c.objc; path = SecondViewController.m; sourceTree = "<group>"; };
		281DF2EA1FB437F2001F5F86 /* ThirdViewController.xib */ = {isa = PBXFileReference; fileEncoding = 4; lastKnownFileType = file.xib; path = ThirdViewController.xib; sourceTree = "<group>"; };
		281DF2EB1FB437F2001F5F86 /* MineViewController.xib */ = {isa = PBXFileReference; fileEncoding = 4; lastKnownFileType = file.xib; path = MineViewController.xib; sourceTree = "<group>"; };
		281DF2EC1FB437F2001F5F86 /* MainViewController.m */ = {isa = PBXFileReference; fileEncoding = 4; lastKnownFileType = sourcecode.c.objc; path = MainViewController.m; sourceTree = "<group>"; };
		281DF2ED1FB437F2001F5F86 /* SecondViewController.xib */ = {isa = PBXFileReference; fileEncoding = 4; lastKnownFileType = file.xib; path = SecondViewController.xib; sourceTree = "<group>"; };
		281DF2EE1FB437F3001F5F86 /* MineViewController.m */ = {isa = PBXFileReference; fileEncoding = 4; lastKnownFileType = sourcecode.c.objc; path = MineViewController.m; sourceTree = "<group>"; };
		281DF2FC1FB43FD7001F5F86 /* back_white@3x.png */ = {isa = PBXFileReference; lastKnownFileType = image.png; path = "back_white@3x.png"; sourceTree = "<group>"; };
		281DF2FD1FB43FD7001F5F86 /* back_white@2x.png */ = {isa = PBXFileReference; lastKnownFileType = image.png; path = "back_white@2x.png"; sourceTree = "<group>"; };
		281DF3011FB44DCA001F5F86 /* MySelfConclusion */ = {isa = PBXFileReference; lastKnownFileType = text; path = MySelfConclusion; sourceTree = "<group>"; };
		28A0847D1FB589D500C41FA0 /* background.png */ = {isa = PBXFileReference; lastKnownFileType = image.png; path = background.png; sourceTree = "<group>"; };
		28A084861FB5910800C41FA0 /* ShowAdsViewController.h */ = {isa = PBXFileReference; lastKnownFileType = sourcecode.c.h; path = ShowAdsViewController.h; sourceTree = "<group>"; };
		28A084871FB5910800C41FA0 /* ShowAdsViewController.m */ = {isa = PBXFileReference; lastKnownFileType = sourcecode.c.objc; path = ShowAdsViewController.m; sourceTree = "<group>"; };
		28A084881FB5910800C41FA0 /* ShowAdsViewController.xib */ = {isa = PBXFileReference; lastKnownFileType = file.xib; path = ShowAdsViewController.xib; sourceTree = "<group>"; };
		28A0848C1FB591A000C41FA0 /* GuideView.h */ = {isa = PBXFileReference; lastKnownFileType = sourcecode.c.h; path = GuideView.h; sourceTree = "<group>"; };
		28A0848D1FB591A000C41FA0 /* GuideView.m */ = {isa = PBXFileReference; lastKnownFileType = sourcecode.c.objc; path = GuideView.m; sourceTree = "<group>"; };
		28A0848F1FB591C300C41FA0 /* GuideView.xib */ = {isa = PBXFileReference; lastKnownFileType = file.xib; path = GuideView.xib; sourceTree = "<group>"; };
		28A084911FB5970B00C41FA0 /* image1.jpg */ = {isa = PBXFileReference; lastKnownFileType = image.jpeg; path = image1.jpg; sourceTree = "<group>"; };
		28A084921FB5970B00C41FA0 /* image2.jpg */ = {isa = PBXFileReference; lastKnownFileType = image.jpeg; path = image2.jpg; sourceTree = "<group>"; };
		28A084931FB5970B00C41FA0 /* image4.jpg */ = {isa = PBXFileReference; lastKnownFileType = image.jpeg; path = image4.jpg; sourceTree = "<group>"; };
		28A084941FB5970B00C41FA0 /* image0.jpg */ = {isa = PBXFileReference; lastKnownFileType = image.jpeg; path = image0.jpg; sourceTree = "<group>"; };
		28A084951FB5970B00C41FA0 /* image3.jpg */ = {isa = PBXFileReference; lastKnownFileType = image.jpeg; path = image3.jpg; sourceTree = "<group>"; };
		441A916C6C9F05F59A260542 /* Pods-wanglzStytle.debug.xcconfig */ = {isa = PBXFileReference; includeInIndex = 1; lastKnownFileType = text.xcconfig; name = "Pods-wanglzStytle.debug.xcconfig"; path = "Pods/Target Support Files/Pods-wanglzStytle/Pods-wanglzStytle.debug.xcconfig"; sourceTree = "<group>"; };
		94EDBE32A0ED7D0973777AE8 /* Pods-wanglzStytle.release.xcconfig */ = {isa = PBXFileReference; includeInIndex = 1; lastKnownFileType = text.xcconfig; name = "Pods-wanglzStytle.release.xcconfig"; path = "Pods/Target Support Files/Pods-wanglzStytle/Pods-wanglzStytle.release.xcconfig"; sourceTree = "<group>"; };
		A739AFD61FB3EACD00E2C408 /* commonHeader.h */ = {isa = PBXFileReference; lastKnownFileType = sourcecode.c.h; path = commonHeader.h; sourceTree = "<group>"; };
		A739AFD71FB3EAE500E2C408 /* wanglzStytle.pch */ = {isa = PBXFileReference; lastKnownFileType = sourcecode.c.h; path = wanglzStytle.pch; sourceTree = "<group>"; };
		A739AFD81FB3EB2100E2C408 /* MacroStatic.h */ = {isa = PBXFileReference; lastKnownFileType = sourcecode.c.h; path = MacroStatic.h; sourceTree = "<group>"; };
		A739AFD91FB3EB2100E2C408 /* MacroStatic.m */ = {isa = PBXFileReference; lastKnownFileType = sourcecode.c.objc; path = MacroStatic.m; sourceTree = "<group>"; };
		A739AFDB1FB3EB7C00E2C408 /* MacroFunction.h */ = {isa = PBXFileReference; lastKnownFileType = sourcecode.c.h; path = MacroFunction.h; sourceTree = "<group>"; };
		A739AFDC1FB3EB7C00E2C408 /* MacroFunction.m */ = {isa = PBXFileReference; lastKnownFileType = sourcecode.c.objc; path = MacroFunction.m; sourceTree = "<group>"; };
		A739AFDF1FB3F90F00E2C408 /* ExtensionsHeader.h */ = {isa = PBXFileReference; lastKnownFileType = sourcecode.c.h; path = ExtensionsHeader.h; sourceTree = "<group>"; };
		A739AFE31FB3F9FB00E2C408 /* UILabel+setTitleColor.h */ = {isa = PBXFileReference; lastKnownFileType = sourcecode.c.h; path = "UILabel+setTitleColor.h"; sourceTree = "<group>"; };
		A739AFE41FB3F9FB00E2C408 /* UILabel+setTitleColor.m */ = {isa = PBXFileReference; lastKnownFileType = sourcecode.c.objc; path = "UILabel+setTitleColor.m"; sourceTree = "<group>"; };
		A739AFE61FB3FA5F00E2C408 /* UIView+CornerRadius.h */ = {isa = PBXFileReference; lastKnownFileType = sourcecode.c.h; path = "UIView+CornerRadius.h"; sourceTree = "<group>"; };
		A739AFE71FB3FA5F00E2C408 /* UIView+CornerRadius.m */ = {isa = PBXFileReference; lastKnownFileType = sourcecode.c.objc; path = "UIView+CornerRadius.m"; sourceTree = "<group>"; };
		A739AFE91FB4003500E2C408 /* UINavigationItem+SetOffset.h */ = {isa = PBXFileReference; lastKnownFileType = sourcecode.c.h; path = "UINavigationItem+SetOffset.h"; sourceTree = "<group>"; };
		A739AFEA1FB4003500E2C408 /* UINavigationItem+SetOffset.m */ = {isa = PBXFileReference; lastKnownFileType = sourcecode.c.objc; path = "UINavigationItem+SetOffset.m"; sourceTree = "<group>"; };
		A739AFEC1FB4018C00E2C408 /* NSDate+Extension.h */ = {isa = PBXFileReference; lastKnownFileType = sourcecode.c.h; path = "NSDate+Extension.h"; sourceTree = "<group>"; };
		A739AFED1FB4018C00E2C408 /* NSDate+Extension.m */ = {isa = PBXFileReference; lastKnownFileType = sourcecode.c.objc; path = "NSDate+Extension.m"; sourceTree = "<group>"; };
		A7B6EC2C1FB30DF3008BACC2 /* wanglzStytle.app */ = {isa = PBXFileReference; explicitFileType = wrapper.application; includeInIndex = 0; path = wanglzStytle.app; sourceTree = BUILT_PRODUCTS_DIR; };
		A7B6EC2F1FB30DF3008BACC2 /* AppDelegate.h */ = {isa = PBXFileReference; lastKnownFileType = sourcecode.c.h; path = AppDelegate.h; sourceTree = "<group>"; };
		A7B6EC301FB30DF3008BACC2 /* AppDelegate.m */ = {isa = PBXFileReference; lastKnownFileType = sourcecode.c.objc; path = AppDelegate.m; sourceTree = "<group>"; };
		A7B6EC381FB30DF3008BACC2 /* Assets.xcassets */ = {isa = PBXFileReference; lastKnownFileType = folder.assetcatalog; path = Assets.xcassets; sourceTree = "<group>"; };
		A7B6EC3B1FB30DF3008BACC2 /* Base */ = {isa = PBXFileReference; lastKnownFileType = file.storyboard; name = Base; path = Base.lproj/LaunchScreen.storyboard; sourceTree = "<group>"; };
		A7B6EC3D1FB30DF3008BACC2 /* Info.plist */ = {isa = PBXFileReference; lastKnownFileType = text.plist.xml; path = Info.plist; sourceTree = "<group>"; };
		A7B6EC3E1FB30DF3008BACC2 /* main.m */ = {isa = PBXFileReference; lastKnownFileType = sourcecode.c.objc; path = main.m; sourceTree = "<group>"; };
		A7F9C19A1FB4210000CEC3DD /* RootTabBarController.h */ = {isa = PBXFileReference; lastKnownFileType = sourcecode.c.h; path = RootTabBarController.h; sourceTree = "<group>"; };
		A7F9C19B1FB4210000CEC3DD /* RootTabBarController.m */ = {isa = PBXFileReference; lastKnownFileType = sourcecode.c.objc; path = RootTabBarController.m; sourceTree = "<group>"; };
/* End PBXFileReference section */

/* Begin PBXFrameworksBuildPhase section */
		A7B6EC291FB30DF3008BACC2 /* Frameworks */ = {
			isa = PBXFrameworksBuildPhase;
			buildActionMask = 2147483647;
			files = (
				26F2C170B33EB480642DCE01 /* libPods-wanglzStytle.a in Frameworks */,
			);
			runOnlyForDeploymentPostprocessing = 0;
		};
/* End PBXFrameworksBuildPhase section */

/* Begin PBXGroup section */
		281DF2B61FB43789001F5F86 /* TabBarImg */ = {
			isa = PBXGroup;
			children = (
				281DF2B71FB43789001F5F86 /* bottomon-0@3x.png */,
				281DF2B81FB43789001F5F86 /* bottom-4@2x.png */,
				281DF2B91FB43789001F5F86 /* bottomon-2@2x.png */,
				281DF2BA1FB43789001F5F86 /* bottomon-2@3x.png */,
				281DF2BB1FB43789001F5F86 /* bottom-4@3x.png */,
				281DF2BC1FB43789001F5F86 /* bottomon-0@2x.png */,
				281DF2BD1FB43789001F5F86 /* bottom-2@2x.png */,
				281DF2BE1FB43789001F5F86 /* bottomon-4@2x.png */,
				281DF2BF1FB43789001F5F86 /* bottom-0@3x.png */,
				281DF2C01FB43789001F5F86 /* bottom-0@2x.png */,
				281DF2C11FB43789001F5F86 /* bottomon-4@3x.png */,
				281DF2C21FB43789001F5F86 /* bottom-2@3x.png */,
				281DF2C31FB43789001F5F86 /* bottomon-3@2x.png */,
				281DF2C41FB43789001F5F86 /* bottomon-1@3x.png */,
				281DF2C51FB43789001F5F86 /* bottomon-1@2x.png */,
				281DF2C61FB43789001F5F86 /* bottomon-3@3x.png */,
				281DF2C71FB43789001F5F86 /* bottom-1@3x.png */,
				281DF2C81FB43789001F5F86 /* bottom-3@2x.png */,
				281DF2C91FB43789001F5F86 /* bottom-3@3x.png */,
				281DF2CA1FB43789001F5F86 /* bottom-1@2x.png */,
			);
			path = TabBarImg;
			sourceTree = "<group>";
		};
		281DF2F71FB43966001F5F86 /* MainVC */ = {
			isa = PBXGroup;
			children = (
				281DF2E51FB437F2001F5F86 /* MainViewController.h */,
				281DF2EC1FB437F2001F5F86 /* MainViewController.m */,
				281DF2E61FB437F2001F5F86 /* MainViewController.xib */,
			);
			path = MainVC;
			sourceTree = "<group>";
		};
		281DF2F81FB4397D001F5F86 /* SecondVC */ = {
			isa = PBXGroup;
			children = (
				281DF2E81FB437F2001F5F86 /* SecondViewController.h */,
				281DF2E91FB437F2001F5F86 /* SecondViewController.m */,
				281DF2ED1FB437F2001F5F86 /* SecondViewController.xib */,
			);
			path = SecondVC;
			sourceTree = "<group>";
		};
		281DF2F91FB43987001F5F86 /* ThirdVC */ = {
			isa = PBXGroup;
			children = (
				281DF2E31FB437F2001F5F86 /* ThirdViewController.h */,
				281DF2E41FB437F2001F5F86 /* ThirdViewController.m */,
				281DF2EA1FB437F2001F5F86 /* ThirdViewController.xib */,
			);
			path = ThirdVC;
			sourceTree = "<group>";
		};
		281DF2FA1FB43991001F5F86 /* MineVC */ = {
			isa = PBXGroup;
			children = (
				281DF2E71FB437F2001F5F86 /* MineViewController.h */,
				281DF2EE1FB437F3001F5F86 /* MineViewController.m */,
				281DF2EB1FB437F2001F5F86 /* MineViewController.xib */,
			);
			path = MineVC;
			sourceTree = "<group>";
		};
		281DF2FB1FB43A01001F5F86 /* View */ = {
			isa = PBXGroup;
			children = (
				281DF2E01FB437C0001F5F86 /* commTabBar.h */,
				281DF2E11FB437C0001F5F86 /* commTabBar.m */,
			);
			path = View;
			sourceTree = "<group>";
		};
		281DF3001FB43FDD001F5F86 /* OtherImg */ = {
			isa = PBXGroup;
			children = (
				281DF2FD1FB43FD7001F5F86 /* back_white@2x.png */,
				281DF2FC1FB43FD7001F5F86 /* back_white@3x.png */,
			);
			path = OtherImg;
			sourceTree = "<group>";
		};
		28A084851FB590D400C41FA0 /* LaunchAd */ = {
			isa = PBXGroup;
			children = (
				28A084861FB5910800C41FA0 /* ShowAdsViewController.h */,
				28A084871FB5910800C41FA0 /* ShowAdsViewController.m */,
				28A084881FB5910800C41FA0 /* ShowAdsViewController.xib */,
				28A0848B1FB5917C00C41FA0 /* views */,
			);
			path = LaunchAd;
			sourceTree = "<group>";
		};
		28A0848B1FB5917C00C41FA0 /* views */ = {
			isa = PBXGroup;
			children = (
				28A0848C1FB591A000C41FA0 /* GuideView.h */,
				28A0848D1FB591A000C41FA0 /* GuideView.m */,
				28A0848F1FB591C300C41FA0 /* GuideView.xib */,
			);
			path = views;
			sourceTree = "<group>";
		};
		28A0849B1FB5971300C41FA0 /* 启动页图片 */ = {
			isa = PBXGroup;
			children = (
				28A084941FB5970B00C41FA0 /* image0.jpg */,
				28A084911FB5970B00C41FA0 /* image1.jpg */,
				28A084921FB5970B00C41FA0 /* image2.jpg */,
				28A084951FB5970B00C41FA0 /* image3.jpg */,
				28A084931FB5970B00C41FA0 /* image4.jpg */,
			);
			path = "启动页图片";
			sourceTree = "<group>";
		};
		63F08CF806F4253D0EB49B90 /* Pods */ = {
			isa = PBXGroup;
			children = (
				441A916C6C9F05F59A260542 /* Pods-wanglzStytle.debug.xcconfig */,
				94EDBE32A0ED7D0973777AE8 /* Pods-wanglzStytle.release.xcconfig */,
			);
			name = Pods;
			sourceTree = "<group>";
		};
		A739AFCE1FB3E43A00E2C408 /* Extensions */ = {
			isa = PBXGroup;
			children = (
				A739AFDF1FB3F90F00E2C408 /* ExtensionsHeader.h */,
				A739AFE01FB3F91C00E2C408 /* functions */,
			);
			path = Extensions;
			sourceTree = "<group>";
		};
		A739AFCF1FB3E43A00E2C408 /* Class */ = {
			isa = PBXGroup;
			children = (
				28A084851FB590D400C41FA0 /* LaunchAd */,
				A7F9C19D1FB4211100CEC3DD /* RootTabBar */,
				281DF2F71FB43966001F5F86 /* MainVC */,
				281DF2F81FB4397D001F5F86 /* SecondVC */,
				281DF2F91FB43987001F5F86 /* ThirdVC */,
				281DF2FA1FB43991001F5F86 /* MineVC */,
			);
			path = Class;
			sourceTree = "<group>";
		};
		A739AFD01FB3E43B00E2C408 /* Lib */ = {
			isa = PBXGroup;
			children = (
			);
			path = Lib;
			sourceTree = "<group>";
		};
		A739AFD11FB3E43B00E2C408 /* CommonView */ = {
			isa = PBXGroup;
			children = (
			);
			path = CommonView;
			sourceTree = "<group>";
		};
		A739AFD21FB3E43B00E2C408 /* MacroHeader */ = {
			isa = PBXGroup;
			children = (
				A739AFD71FB3EAE500E2C408 /* wanglzStytle.pch */,
				A739AFD61FB3EACD00E2C408 /* commonHeader.h */,
				A739AFD81FB3EB2100E2C408 /* MacroStatic.h */,
				A739AFD91FB3EB2100E2C408 /* MacroStatic.m */,
				A739AFDB1FB3EB7C00E2C408 /* MacroFunction.h */,
				A739AFDC1FB3EB7C00E2C408 /* MacroFunction.m */,
				281DF3011FB44DCA001F5F86 /* MySelfConclusion */,
			);
			path = MacroHeader;
			sourceTree = "<group>";
		};
		A739AFDE1FB3EC9B00E2C408 /* Resource */ = {
			isa = PBXGroup;
			children = (
				28A0849B1FB5971300C41FA0 /* 启动页图片 */,
				28A0847D1FB589D500C41FA0 /* background.png */,
				281DF3001FB43FDD001F5F86 /* OtherImg */,
				281DF2B61FB43789001F5F86 /* TabBarImg */,
			);
			path = Resource;
			sourceTree = "<group>";
		};
		A739AFE01FB3F91C00E2C408 /* functions */ = {
			isa = PBXGroup;
			children = (
				A7F9C1961FB4098900CEC3DD /* 设置label中字体颜色 */,
				A7F9C1971FB409C500CEC3DD /* 在xib中直接设置圆角 */,
				A7F9C1981FB409E800CEC3DD /* 系统导航栏左右按钮偏移 */,
				A7F9C1991FB40A0200CEC3DD /* 时间相关 */,
			);
			path = functions;
			sourceTree = "<group>";
		};
		A7B6EC231FB30DF3008BACC2 = {
			isa = PBXGroup;
			children = (
				A7B6EC2E1FB30DF3008BACC2 /* wanglzStytle */,
				A7B6EC2D1FB30DF3008BACC2 /* Products */,
				63F08CF806F4253D0EB49B90 /* Pods */,
				B3DDB7CCAD42FDB058A2EBD7 /* Frameworks */,
			);
			sourceTree = "<group>";
		};
		A7B6EC2D1FB30DF3008BACC2 /* Products */ = {
			isa = PBXGroup;
			children = (
				A7B6EC2C1FB30DF3008BACC2 /* wanglzStytle.app */,
			);
			name = Products;
			sourceTree = "<group>";
		};
		A7B6EC2E1FB30DF3008BACC2 /* wanglzStytle */ = {
			isa = PBXGroup;
			children = (
				A7B6EC2F1FB30DF3008BACC2 /* AppDelegate.h */,
				A7B6EC301FB30DF3008BACC2 /* AppDelegate.m */,
				A739AFDE1FB3EC9B00E2C408 /* Resource */,
				A739AFD11FB3E43B00E2C408 /* CommonView */,
				A739AFCF1FB3E43A00E2C408 /* Class */,
				A739AFCE1FB3E43A00E2C408 /* Extensions */,
				A739AFD01FB3E43B00E2C408 /* Lib */,
				A739AFD21FB3E43B00E2C408 /* MacroHeader */,
				A7B6EC381FB30DF3008BACC2 /* Assets.xcassets */,
				A7B6EC3A1FB30DF3008BACC2 /* LaunchScreen.storyboard */,
				A7B6EC3D1FB30DF3008BACC2 /* Info.plist */,
				A7B6EC3E1FB30DF3008BACC2 /* main.m */,
			);
			path = wanglzStytle;
			sourceTree = "<group>";
		};
		A7F9C1961FB4098900CEC3DD /* 设置label中字体颜色 */ = {
			isa = PBXGroup;
			children = (
				A739AFE31FB3F9FB00E2C408 /* UILabel+setTitleColor.h */,
				A739AFE41FB3F9FB00E2C408 /* UILabel+setTitleColor.m */,
			);
			path = "设置label中字体颜色";
			sourceTree = "<group>";
		};
		A7F9C1971FB409C500CEC3DD /* 在xib中直接设置圆角 */ = {
			isa = PBXGroup;
			children = (
				A739AFE61FB3FA5F00E2C408 /* UIView+CornerRadius.h */,
				A739AFE71FB3FA5F00E2C408 /* UIView+CornerRadius.m */,
			);
			path = "在xib中直接设置圆角";
			sourceTree = "<group>";
		};
		A7F9C1981FB409E800CEC3DD /* 系统导航栏左右按钮偏移 */ = {
			isa = PBXGroup;
			children = (
				A739AFE91FB4003500E2C408 /* UINavigationItem+SetOffset.h */,
				A739AFEA1FB4003500E2C408 /* UINavigationItem+SetOffset.m */,
			);
			path = "系统导航栏左右按钮偏移";
			sourceTree = "<group>";
		};
		A7F9C1991FB40A0200CEC3DD /* 时间相关 */ = {
			isa = PBXGroup;
			children = (
				A739AFEC1FB4018C00E2C408 /* NSDate+Extension.h */,
				A739AFED1FB4018C00E2C408 /* NSDate+Extension.m */,
			);
			path = "时间相关";
			sourceTree = "<group>";
		};
		A7F9C19D1FB4211100CEC3DD /* RootTabBar */ = {
			isa = PBXGroup;
			children = (
				A7F9C19A1FB4210000CEC3DD /* RootTabBarController.h */,
				A7F9C19B1FB4210000CEC3DD /* RootTabBarController.m */,
				281DF2FB1FB43A01001F5F86 /* View */,
			);
			path = RootTabBar;
			sourceTree = "<group>";
		};
		B3DDB7CCAD42FDB058A2EBD7 /* Frameworks */ = {
			isa = PBXGroup;
			children = (
				2137C5FD2E6EAD01FA980E03 /* libPods-wanglzStytle.a */,
			);
			name = Frameworks;
			sourceTree = "<group>";
		};
/* End PBXGroup section */

/* Begin PBXNativeTarget section */
		A7B6EC2B1FB30DF3008BACC2 /* wanglzStytle */ = {
			isa = PBXNativeTarget;
			buildConfigurationList = A7B6EC421FB30DF3008BACC2 /* Build configuration list for PBXNativeTarget "wanglzStytle" */;
			buildPhases = (
				4A69098D3A7258307DF5B21B /* [CP] Check Pods Manifest.lock */,
				A7B6EC281FB30DF3008BACC2 /* Sources */,
				A7B6EC291FB30DF3008BACC2 /* Frameworks */,
				A7B6EC2A1FB30DF3008BACC2 /* Resources */,
				7B124B1D8FFA8DBA0BF7D8EC /* [CP] Embed Pods Frameworks */,
				FAFEFBF88BF58CDF51F8F145 /* [CP] Copy Pods Resources */,
			);
			buildRules = (
			);
			dependencies = (
			);
			name = wanglzStytle;
			productName = wanglzStytle;
			productReference = A7B6EC2C1FB30DF3008BACC2 /* wanglzStytle.app */;
			productType = "com.apple.product-type.application";
		};
/* End PBXNativeTarget section */

/* Begin PBXProject section */
		A7B6EC241FB30DF3008BACC2 /* Project object */ = {
			isa = PBXProject;
			attributes = {
				LastUpgradeCheck = 0900;
				ORGANIZATIONNAME = wanglz;
				TargetAttributes = {
					A7B6EC2B1FB30DF3008BACC2 = {
						CreatedOnToolsVersion = 9.0.1;
						ProvisioningStyle = Automatic;
					};
				};
			};
			buildConfigurationList = A7B6EC271FB30DF3008BACC2 /* Build configuration list for PBXProject "wanglzStytle" */;
			compatibilityVersion = "Xcode 8.0";
			developmentRegion = en;
			hasScannedForEncodings = 0;
			knownRegions = (
				en,
				Base,
			);
			mainGroup = A7B6EC231FB30DF3008BACC2;
			productRefGroup = A7B6EC2D1FB30DF3008BACC2 /* Products */;
			projectDirPath = "";
			projectRoot = "";
			targets = (
				A7B6EC2B1FB30DF3008BACC2 /* wanglzStytle */,
			);
		};
/* End PBXProject section */

/* Begin PBXResourcesBuildPhase section */
		A7B6EC2A1FB30DF3008BACC2 /* Resources */ = {
			isa = PBXResourcesBuildPhase;
			buildActionMask = 2147483647;
			files = (
				281DF2FE1FB43FD7001F5F86 /* back_white@3x.png in Resources */,
				28A0847E1FB589D500C41FA0 /* background.png in Resources */,
				A7B6EC3C1FB30DF3008BACC2 /* LaunchScreen.storyboard in Resources */,
				281DF2DB1FB43789001F5F86 /* bottom-1@3x.png in Resources */,
				281DF2F21FB437F3001F5F86 /* ThirdViewController.xib in Resources */,
				28A084961FB5970C00C41FA0 /* image1.jpg in Resources */,
				281DF2D21FB43789001F5F86 /* bottomon-4@2x.png in Resources */,
				28A0849A1FB5970C00C41FA0 /* image3.jpg in Resources */,
				A7B6EC391FB30DF3008BACC2 /* Assets.xcassets in Resources */,
				28A084901FB591C300C41FA0 /* GuideView.xib in Resources */,
				281DF3021FB44DCB001F5F86 /* MySelfConclusion in Resources */,
				281DF2D61FB43789001F5F86 /* bottom-2@3x.png in Resources */,
				28A084981FB5970C00C41FA0 /* image4.jpg in Resources */,
				28A084991FB5970C00C41FA0 /* image0.jpg in Resources */,
				281DF2FF1FB43FD7001F5F86 /* back_white@2x.png in Resources */,
				281DF2CC1FB43789001F5F86 /* bottom-4@2x.png in Resources */,
				281DF2DA1FB43789001F5F86 /* bottomon-3@3x.png in Resources */,
				281DF2D71FB43789001F5F86 /* bottomon-3@2x.png in Resources */,
				281DF2D11FB43789001F5F86 /* bottom-2@2x.png in Resources */,
				281DF2F31FB437F3001F5F86 /* MineViewController.xib in Resources */,
				281DF2DC1FB43789001F5F86 /* bottom-3@2x.png in Resources */,
				281DF2DD1FB43789001F5F86 /* bottom-3@3x.png in Resources */,
				281DF2D31FB43789001F5F86 /* bottom-0@3x.png in Resources */,
				281DF2D51FB43789001F5F86 /* bottomon-4@3x.png in Resources */,
				281DF2CF1FB43789001F5F86 /* bottom-4@3x.png in Resources */,
				281DF2CD1FB43789001F5F86 /* bottomon-2@2x.png in Resources */,
				281DF2D01FB43789001F5F86 /* bottomon-0@2x.png in Resources */,
				28A0848A1FB5910800C41FA0 /* ShowAdsViewController.xib in Resources */,
				281DF2CE1FB43789001F5F86 /* bottomon-2@3x.png in Resources */,
				281DF2DE1FB43789001F5F86 /* bottom-1@2x.png in Resources */,
				281DF2F01FB437F3001F5F86 /* MainViewController.xib in Resources */,
				281DF2D41FB43789001F5F86 /* bottom-0@2x.png in Resources */,
				281DF2CB1FB43789001F5F86 /* bottomon-0@3x.png in Resources */,
				28A084971FB5970C00C41FA0 /* image2.jpg in Resources */,
				281DF2D91FB43789001F5F86 /* bottomon-1@2x.png in Resources */,
				281DF2F51FB437F3001F5F86 /* SecondViewController.xib in Resources */,
				281DF2D81FB43789001F5F86 /* bottomon-1@3x.png in Resources */,
			);
			runOnlyForDeploymentPostprocessing = 0;
		};
/* End PBXResourcesBuildPhase section */

/* Begin PBXShellScriptBuildPhase section */
		4A69098D3A7258307DF5B21B /* [CP] Check Pods Manifest.lock */ = {
			isa = PBXShellScriptBuildPhase;
			buildActionMask = 2147483647;
			files = (
			);
			inputPaths = (
				"${PODS_PODFILE_DIR_PATH}/Podfile.lock",
				"${PODS_ROOT}/Manifest.lock",
			);
			name = "[CP] Check Pods Manifest.lock";
			outputPaths = (
				"$(DERIVED_FILE_DIR)/Pods-wanglzStytle-checkManifestLockResult.txt",
			);
			runOnlyForDeploymentPostprocessing = 0;
			shellPath = /bin/sh;
			shellScript = "diff \"${PODS_PODFILE_DIR_PATH}/Podfile.lock\" \"${PODS_ROOT}/Manifest.lock\" > /dev/null\nif [ $? != 0 ] ; then\n    # print error to STDERR\n    echo \"error: The sandbox is not in sync with the Podfile.lock. Run 'pod install' or update your CocoaPods installation.\" >&2\n    exit 1\nfi\n# This output is used by Xcode 'outputs' to avoid re-running this script phase.\necho \"SUCCESS\" > \"${SCRIPT_OUTPUT_FILE_0}\"\n";
			showEnvVarsInLog = 0;
		};
		7B124B1D8FFA8DBA0BF7D8EC /* [CP] Embed Pods Frameworks */ = {
			isa = PBXShellScriptBuildPhase;
			buildActionMask = 2147483647;
			files = (
			);
			inputPaths = (
			);
			name = "[CP] Embed Pods Frameworks";
			outputPaths = (
			);
			runOnlyForDeploymentPostprocessing = 0;
			shellPath = /bin/sh;
			shellScript = "\"${SRCROOT}/Pods/Target Support Files/Pods-wanglzStytle/Pods-wanglzStytle-frameworks.sh\"\n";
			showEnvVarsInLog = 0;
		};
		FAFEFBF88BF58CDF51F8F145 /* [CP] Copy Pods Resources */ = {
			isa = PBXShellScriptBuildPhase;
			buildActionMask = 2147483647;
			files = (
			);
			inputPaths = (
				"${SRCROOT}/Pods/Target Support Files/Pods-wanglzStytle/Pods-wanglzStytle-resources.sh",
				"${PODS_ROOT}/IQKeyboardManager/IQKeyboardManager/Resources/IQKeyboardManager.bundle",
				"${PODS_ROOT}/MJRefresh/MJRefresh/MJRefresh.bundle",
				"${PODS_ROOT}/SVProgressHUD/SVProgressHUD/SVProgressHUD.bundle",
			);
			name = "[CP] Copy Pods Resources";
			outputPaths = (
				"${TARGET_BUILD_DIR}/${UNLOCALIZED_RESOURCES_FOLDER_PATH}",
			);
			runOnlyForDeploymentPostprocessing = 0;
			shellPath = /bin/sh;
			shellScript = "\"${SRCROOT}/Pods/Target Support Files/Pods-wanglzStytle/Pods-wanglzStytle-resources.sh\"\n";
			showEnvVarsInLog = 0;
		};
/* End PBXShellScriptBuildPhase section */

/* Begin PBXSourcesBuildPhase section */
		A7B6EC281FB30DF3008BACC2 /* Sources */ = {
			isa = PBXSourcesBuildPhase;
			buildActionMask = 2147483647;
			files = (
				281DF2F11FB437F3001F5F86 /* SecondViewController.m in Sources */,
				281DF2F61FB437F3001F5F86 /* MineViewController.m in Sources */,
				A739AFEB1FB4003500E2C408 /* UINavigationItem+SetOffset.m in Sources */,
				A739AFDA1FB3EB2100E2C408 /* MacroStatic.m in Sources */,
				A739AFE81FB3FA5F00E2C408 /* UIView+CornerRadius.m in Sources */,
				281DF2F41FB437F3001F5F86 /* MainViewController.m in Sources */,
				281DF2E21FB437C0001F5F86 /* commTabBar.m in Sources */,
				A7F9C19C1FB4210000CEC3DD /* RootTabBarController.m in Sources */,
				281DF2EF1FB437F3001F5F86 /* ThirdViewController.m in Sources */,
				A7B6EC3F1FB30DF3008BACC2 /* main.m in Sources */,
				A739AFEE1FB4018C00E2C408 /* NSDate+Extension.m in Sources */,
				28A084891FB5910800C41FA0 /* ShowAdsViewController.m in Sources */,
				A739AFDD1FB3EB7C00E2C408 /* MacroFunction.m in Sources */,
				A7B6EC311FB30DF3008BACC2 /* AppDelegate.m in Sources */,
				A739AFE51FB3F9FB00E2C408 /* UILabel+setTitleColor.m in Sources */,
				28A0848E1FB591A000C41FA0 /* GuideView.m in Sources */,
			);
			runOnlyForDeploymentPostprocessing = 0;
		};
/* End PBXSourcesBuildPhase section */

/* Begin PBXVariantGroup section */
		A7B6EC3A1FB30DF3008BACC2 /* LaunchScreen.storyboard */ = {
			isa = PBXVariantGroup;
			children = (
				A7B6EC3B1FB30DF3008BACC2 /* Base */,
			);
			name = LaunchScreen.storyboard;
			sourceTree = "<group>";
		};
/* End PBXVariantGroup section */

/* Begin XCBuildConfiguration section */
		A7B6EC401FB30DF3008BACC2 /* Debug */ = {
			isa = XCBuildConfiguration;
			buildSettings = {
				ALWAYS_SEARCH_USER_PATHS = NO;
				CLANG_ANALYZER_NONNULL = YES;
				CLANG_ANALYZER_NUMBER_OBJECT_CONVERSION = YES_AGGRESSIVE;
				CLANG_CXX_LANGUAGE_STANDARD = "gnu++14";
				CLANG_CXX_LIBRARY = "libc++";
				CLANG_ENABLE_MODULES = YES;
				CLANG_ENABLE_OBJC_ARC = YES;
				CLANG_WARN_BLOCK_CAPTURE_AUTORELEASING = YES;
				CLANG_WARN_BOOL_CONVERSION = YES;
				CLANG_WARN_COMMA = YES;
				CLANG_WARN_CONSTANT_CONVERSION = YES;
				CLANG_WARN_DIRECT_OBJC_ISA_USAGE = YES_ERROR;
				CLANG_WARN_DOCUMENTATION_COMMENTS = YES;
				CLANG_WARN_EMPTY_BODY = YES;
				CLANG_WARN_ENUM_CONVERSION = YES;
				CLANG_WARN_INFINITE_RECURSION = YES;
				CLANG_WARN_INT_CONVERSION = YES;
				CLANG_WARN_NON_LITERAL_NULL_CONVERSION = YES;
				CLANG_WARN_OBJC_LITERAL_CONVERSION = YES;
				CLANG_WARN_OBJC_ROOT_CLASS = YES_ERROR;
				CLANG_WARN_RANGE_LOOP_ANALYSIS = YES;
				CLANG_WARN_STRICT_PROTOTYPES = YES;
				CLANG_WARN_SUSPICIOUS_MOVE = YES;
				CLANG_WARN_UNGUARDED_AVAILABILITY = YES_AGGRESSIVE;
				CLANG_WARN_UNREACHABLE_CODE = YES;
				CLANG_WARN__DUPLICATE_METHOD_MATCH = YES;
				CODE_SIGN_IDENTITY = "iPhone Developer";
				COPY_PHASE_STRIP = NO;
				DEBUG_INFORMATION_FORMAT = dwarf;
				ENABLE_STRICT_OBJC_MSGSEND = YES;
				ENABLE_TESTABILITY = YES;
				GCC_C_LANGUAGE_STANDARD = gnu11;
				GCC_DYNAMIC_NO_PIC = NO;
				GCC_NO_COMMON_BLOCKS = YES;
				GCC_OPTIMIZATION_LEVEL = 0;
				GCC_PREPROCESSOR_DEFINITIONS = (
					"DEBUG=1",
					"$(inherited)",
				);
				GCC_WARN_64_TO_32_BIT_CONVERSION = YES;
				GCC_WARN_ABOUT_RETURN_TYPE = YES_ERROR;
				GCC_WARN_UNDECLARED_SELECTOR = YES;
				GCC_WARN_UNINITIALIZED_AUTOS = YES_AGGRESSIVE;
				GCC_WARN_UNUSED_FUNCTION = YES;
				GCC_WARN_UNUSED_VARIABLE = YES;
				IPHONEOS_DEPLOYMENT_TARGET = 11.0;
				MTL_ENABLE_DEBUG_INFO = YES;
				ONLY_ACTIVE_ARCH = YES;
				SDKROOT = iphoneos;
			};
			name = Debug;
		};
		A7B6EC411FB30DF3008BACC2 /* Release */ = {
			isa = XCBuildConfiguration;
			buildSettings = {
				ALWAYS_SEARCH_USER_PATHS = NO;
				CLANG_ANALYZER_NONNULL = YES;
				CLANG_ANALYZER_NUMBER_OBJECT_CONVERSION = YES_AGGRESSIVE;
				CLANG_CXX_LANGUAGE_STANDARD = "gnu++14";
				CLANG_CXX_LIBRARY = "libc++";
				CLANG_ENABLE_MODULES = YES;
				CLANG_ENABLE_OBJC_ARC = YES;
				CLANG_WARN_BLOCK_CAPTURE_AUTORELEASING = YES;
				CLANG_WARN_BOOL_CONVERSION = YES;
				CLANG_WARN_COMMA = YES;
				CLANG_WARN_CONSTANT_CONVERSION = YES;
				CLANG_WARN_DIRECT_OBJC_ISA_USAGE = YES_ERROR;
				CLANG_WARN_DOCUMENTATION_COMMENTS = YES;
				CLANG_WARN_EMPTY_BODY = YES;
				CLANG_WARN_ENUM_CONVERSION = YES;
				CLANG_WARN_INFINITE_RECURSION = YES;
				CLANG_WARN_INT_CONVERSION = YES;
				CLANG_WARN_NON_LITERAL_NULL_CONVERSION = YES;
				CLANG_WARN_OBJC_LITERAL_CONVERSION = YES;
				CLANG_WARN_OBJC_ROOT_CLASS = YES_ERROR;
				CLANG_WARN_RANGE_LOOP_ANALYSIS = YES;
				CLANG_WARN_STRICT_PROTOTYPES = YES;
				CLANG_WARN_SUSPICIOUS_MOVE = YES;
				CLANG_WARN_UNGUARDED_AVAILABILITY = YES_AGGRESSIVE;
				CLANG_WARN_UNREACHABLE_CODE = YES;
				CLANG_WARN__DUPLICATE_METHOD_MATCH = YES;
				CODE_SIGN_IDENTITY = "iPhone Developer";
				COPY_PHASE_STRIP = NO;
				DEBUG_INFORMATION_FORMAT = "dwarf-with-dsym";
				ENABLE_NS_ASSERTIONS = NO;
				ENABLE_STRICT_OBJC_MSGSEND = YES;
				GCC_C_LANGUAGE_STANDARD = gnu11;
				GCC_NO_COMMON_BLOCKS = YES;
				GCC_WARN_64_TO_32_BIT_CONVERSION = YES;
				GCC_WARN_ABOUT_RETURN_TYPE = YES_ERROR;
				GCC_WARN_UNDECLARED_SELECTOR = YES;
				GCC_WARN_UNINITIALIZED_AUTOS = YES_AGGRESSIVE;
				GCC_WARN_UNUSED_FUNCTION = YES;
				GCC_WARN_UNUSED_VARIABLE = YES;
				IPHONEOS_DEPLOYMENT_TARGET = 11.0;
				MTL_ENABLE_DEBUG_INFO = NO;
				SDKROOT = iphoneos;
				VALIDATE_PRODUCT = YES;
			};
			name = Release;
		};
		A7B6EC431FB30DF3008BACC2 /* Debug */ = {
			isa = XCBuildConfiguration;
			baseConfigurationReference = 441A916C6C9F05F59A260542 /* Pods-wanglzStytle.debug.xcconfig */;
			buildSettings = {
				ASSETCATALOG_COMPILER_APPICON_NAME = AppIcon;
				"CODE_SIGN_IDENTITY[sdk=iphoneos*]" = "iPhone Developer";
				CODE_SIGN_STYLE = Automatic;
				DEVELOPMENT_TEAM = 3X6V9JQ6UJ;
				GCC_PRECOMPILE_PREFIX_HEADER = YES;
				GCC_PREFIX_HEADER = "$(SRCROOT)/wanglzStytle/MacroHeader/commonHeader.h";
				INFOPLIST_FILE = wanglzStytle/Info.plist;
				IPHONEOS_DEPLOYMENT_TARGET = 9.0;
				LD_RUNPATH_SEARCH_PATHS = "$(inherited) @executable_path/Frameworks";
				PRODUCT_BUNDLE_IDENTIFIER = com.lzwang.cn;
				PRODUCT_NAME = "$(TARGET_NAME)";
				PROVISIONING_PROFILE_SPECIFIER = "";
				TARGETED_DEVICE_FAMILY = 1;
			};
			name = Debug;
		};
		A7B6EC441FB30DF3008BACC2 /* Release */ = {
			isa = XCBuildConfiguration;
			baseConfigurationReference = 94EDBE32A0ED7D0973777AE8 /* Pods-wanglzStytle.release.xcconfig */;
			buildSettings = {
				ASSETCATALOG_COMPILER_APPICON_NAME = AppIcon;
				"CODE_SIGN_IDENTITY[sdk=iphoneos*]" = "iPhone Developer";
				CODE_SIGN_STYLE = Automatic;
				DEVELOPMENT_TEAM = 3X6V9JQ6UJ;
				GCC_PRECOMPILE_PREFIX_HEADER = YES;
				GCC_PREFIX_HEADER = "$(SRCROOT)/wanglzStytle/MacroHeader/commonHeader.h";
				INFOPLIST_FILE = wanglzStytle/Info.plist;
				IPHONEOS_DEPLOYMENT_TARGET = 9.0;
				LD_RUNPATH_SEARCH_PATHS = "$(inherited) @executable_path/Frameworks";
				PRODUCT_BUNDLE_IDENTIFIER = com.lzwang.cn;
				PRODUCT_NAME = "$(TARGET_NAME)";
				PROVISIONING_PROFILE_SPECIFIER = "";
				TARGETED_DEVICE_FAMILY = 1;
			};
			name = Release;
		};
/* End XCBuildConfiguration section */

/* Begin XCConfigurationList section */
		A7B6EC271FB30DF3008BACC2 /* Build configuration list for PBXProject "wanglzStytle" */ = {
			isa = XCConfigurationList;
			buildConfigurations = (
				A7B6EC401FB30DF3008BACC2 /* Debug */,
				A7B6EC411FB30DF3008BACC2 /* Release */,
			);
			defaultConfigurationIsVisible = 0;
			defaultConfigurationName = Release;
		};
		A7B6EC421FB30DF3008BACC2 /* Build configuration list for PBXNativeTarget "wanglzStytle" */ = {
			isa = XCConfigurationList;
			buildConfigurations = (
				A7B6EC431FB30DF3008BACC2 /* Debug */,
				A7B6EC441FB30DF3008BACC2 /* Release */,
			);
			defaultConfigurationIsVisible = 0;
			defaultConfigurationName = Release;
		};
/* End XCConfigurationList section */
	};
	rootObject = A7B6EC241FB30DF3008BACC2 /* Project object */;
}
